// !$*UTF8*$!
{
	archiveVersion = 1;
	classes = {
	};
	objectVersion = 50;
	objects = {

/* Begin PBXBuildFile section */
		6AC4CFEA25DE52950022310B /* AppDelegate.swift in Sources */ = {isa = PBXBuildFile; fileRef = 6AC4CFE925DE52950022310B /* AppDelegate.swift */; };
		6AC4CFEC25DE52950022310B /* SceneDelegate.swift in Sources */ = {isa = PBXBuildFile; fileRef = 6AC4CFEB25DE52950022310B /* SceneDelegate.swift */; };
		6AC4CFEE25DE52950022310B /* ViewController.swift in Sources */ = {isa = PBXBuildFile; fileRef = 6AC4CFED25DE52950022310B /* ViewController.swift */; };
		6AC4CFF125DE52950022310B /* Main.storyboard in Resources */ = {isa = PBXBuildFile; fileRef = 6AC4CFEF25DE52950022310B /* Main.storyboard */; };
		6AC4CFF325DE52970022310B /* Assets.xcassets in Resources */ = {isa = PBXBuildFile; fileRef = 6AC4CFF225DE52970022310B /* Assets.xcassets */; };
		6AC4CFF625DE52970022310B /* LaunchScreen.storyboard in Resources */ = {isa = PBXBuildFile; fileRef = 6AC4CFF425DE52970022310B /* LaunchScreen.storyboard */; };
/* End PBXBuildFile section */

/* Begin PBXFileReference section */
		6AC4CFE625DE52950022310B /* Way2SmsSystemTask.app */ = {isa = PBXFileReference; explicitFileType = wrapper.application; includeInIndex = 0; path = Way2SmsSystemTask.app; sourceTree = BUILT_PRODUCTS_DIR; };
		6AC4CFE925DE52950022310B /* AppDelegate.swift */ = {isa = PBXFileReference; lastKnownFileType = sourcecode.swift; path = AppDelegate.swift; sourceTree = "<group>"; };
		6AC4CFEB25DE52950022310B /* SceneDelegate.swift */ = {isa = PBXFileReference; lastKnownFileType = sourcecode.swift; path = SceneDelegate.swift; sourceTree = "<group>"; };
		6AC4CFED25DE52950022310B /* ViewController.swift */ = {isa = PBXFileReference; lastKnownFileType = sourcecode.swift; path = ViewController.swift; sourceTree = "<group>"; };
		6AC4CFF025DE52950022310B /* Base */ = {isa = PBXFileReference; lastKnownFileType = file.storyboard; name = Base; path = Base.lproj/Main.storyboard; sourceTree = "<group>"; };
		6AC4CFF225DE52970022310B /* Assets.xcassets */ = {isa = PBXFileReference; lastKnownFileType = folder.assetcatalog; path = Assets.xcassets; sourceTree = "<group>"; };
		6AC4CFF525DE52970022310B /* Base */ = {isa = PBXFileReference; lastKnownFileType = file.storyboard; name = Base; path = Base.lproj/LaunchScreen.storyboard; sourceTree = "<group>"; };
		6AC4CFF725DE52970022310B /* Info.plist */ = {isa = PBXFileReference; lastKnownFileType = text.plist.xml; path = Info.plist; sourceTree = "<group>"; };
/* End PBXFileReference section */

/* Begin PBXFrameworksBuildPhase section */
		6AC4CFE325DE52950022310B /* Frameworks */ = {
			isa = PBXFrameworksBuildPhase;
			buildActionMask = 2147483647;
			files = (
			);
			runOnlyForDeploymentPostprocessing = 0;
		};
/* End PBXFrameworksBuildPhase section */

/* Begin PBXGroup section */
		6AC4CFDD25DE52950022310B = {
			isa = PBXGroup;
			children = (
				6AC4CFE825DE52950022310B /* Way2SmsSystemTask */,
				6AC4CFE725DE52950022310B /* Products */,
			);
			sourceTree = "<group>";
		};
		6AC4CFE725DE52950022310B /* Products */ = {
			isa = PBXGroup;
			children = (
				6AC4CFE625DE52950022310B /* Way2SmsSystemTask.app */,
			);
			name = Products;
			sourceTree = "<group>";
		};
		6AC4CFE825DE52950022310B /* Way2SmsSystemTask */ = {
			isa = PBXGroup;
			children = (
				6AC4CFE925DE52950022310B /* AppDelegate.swift */,
				6AC4CFEB25DE52950022310B /* SceneDelegate.swift */,
				6AC4CFED25DE52950022310B /* ViewController.swift */,
				6AC4CFEF25DE52950022310B /* Main.storyboard */,
				6AC4CFF225DE52970022310B /* Assets.xcassets */,
				6AC4CFF425DE52970022310B /* LaunchScreen.storyboard */,
				6AC4CFF725DE52970022310B /* Info.plist */,
			);
			path = Way2SmsSystemTask;
			sourceTree = "<group>";
		};
/* End PBXGroup section */

/* Begin PBXNativeTarget section */
		6AC4CFE525DE52950022310B /* Way2SmsSystemTask */ = {
			isa = PBXNativeTarget;
			buildConfigurationList = 6AC4CFFA25DE52970022310B /* Build configuration list for PBXNativeTarget "Way2SmsSystemTask" */;
			buildPhases = (
				6AC4CFE225DE52950022310B /* Sources */,
				6AC4CFE325DE52950022310B /* Frameworks */,
				6AC4CFE425DE52950022310B /* Resources */,
			);
			buildRules = (
			);
			dependencies = (
			);
			name = Way2SmsSystemTask;
			productName = Way2SmsSystemTask;
			productReference = 6AC4CFE625DE52950022310B /* Way2SmsSystemTask.app */;
			productType = "com.apple.product-type.application";
		};
/* End PBXNativeTarget section */

/* Begin PBXProject section */
		6AC4CFDE25DE52950022310B /* Project object */ = {
			isa = PBXProject;
			attributes = {
				LastSwiftUpdateCheck = 1140;
				LastUpgradeCheck = 1140;
				ORGANIZATIONNAME = "Motiv Ate Fitness";
				TargetAttributes = {
					6AC4CFE525DE52950022310B = {
						CreatedOnToolsVersion = 11.4.1;
					};
				};
			};
			buildConfigurationList = 6AC4CFE125DE52950022310B /* Build configuration list for PBXProject "Way2SmsSystemTask" */;
			compatibilityVersion = "Xcode 9.3";
			developmentRegion = en;
			hasScannedForEncodings = 0;
			knownRegions = (
				en,
				Base,
			);
			mainGroup = 6AC4CFDD25DE52950022310B;
			productRefGroup = 6AC4CFE725DE52950022310B /* Products */;
			projectDirPath = "";
			projectRoot = "";
			targets = (
				6AC4CFE525DE52950022310B /* Way2SmsSystemTask */,
			);
		};
/* End PBXProject section */

/* Begin PBXResourcesBuildPhase section */
		6AC4CFE425DE52950022310B /* Resources */ = {
			isa = PBXResourcesBuildPhase;
			buildActionMask = 2147483647;
			files = (
				6AC4CFF625DE52970022310B /* LaunchScreen.storyboard in Resources */,
				6AC4CFF325DE52970022310B /* Assets.xcassets in Resources */,
				6AC4CFF125DE52950022310B /* Main.storyboard in Resources */,
			);
			runOnlyForDeploymentPostprocessing = 0;
		};
/* End PBXResourcesBuildPhase section */

/* Begin PBXSourcesBuildPhase section */
		6AC4CFE225DE52950022310B /* Sources */ = {
			isa = PBXSourcesBuildPhase;
			buildActionMask = 2147483647;
			files = (
				6AC4CFEE25DE52950022310B /* ViewController.swift in Sources */,
				6AC4CFEA25DE52950022310B /* AppDelegate.swift in Sources */,
				6AC4CFEC25DE52950022310B /* SceneDelegate.swift in Sources */,
			);
			runOnlyForDeploymentPostprocessing = 0;
		};
/* End PBXSourcesBuildPhase section */

/* Begin PBXVariantGroup section */
		6AC4CFEF25DE52950022310B /* Main.storyboard */ = {
			isa = PBXVariantGroup;
			children = (
				6AC4CFF025DE52950022310B /* Base */,
			);
			name = Main.storyboard;
			sourceTree = "<group>";
		};
		6AC4CFF425DE52970022310B /* LaunchScreen.storyboard */ = {
			isa = PBXVariantGroup;
			children = (
				6AC4CFF525DE52970022310B /* Base */,
			);
			name = LaunchScreen.storyboard;
			sourceTree = "<group>";
		};
/* End PBXVariantGroup section */

/* Begin XCBuildConfiguration section */
		6AC4CFF825DE52970022310B /* Debug */ = {
			isa = XCBuildConfiguration;
			buildSettings = {
				ALWAYS_SEARCH_USER_PATHS = NO;
				CLANG_ANALYZER_NONNULL = YES;
				CLANG_ANALYZER_NUMBER_OBJECT_CONVERSION = YES_AGGRESSIVE;
				CLANG_CXX_LANGUAGE_STANDARD = "gnu++14";
				CLANG_CXX_LIBRARY = "libc++";
				CLANG_ENABLE_MODULES = YES;
				CLANG_ENABLE_OBJC_ARC = YES;
				CLANG_ENABLE_OBJC_WEAK = YES;
				CLANG_WARN_BLOCK_CAPTURE_AUTORELEASING = YES;
				CLANG_WARN_BOOL_CONVERSION = YES;
				CLANG_WARN_COMMA = YES;
				CLANG_WARN_CONSTANT_CONVERSION = YES;
				CLANG_WARN_DEPRECATED_OBJC_IMPLEMENTATIONS = YES;
				CLANG_WARN_DIRECT_OBJC_ISA_USAGE = YES_ERROR;
				CLANG_WARN_DOCUMENTATION_COMMENTS = YES;
				CLANG_WARN_EMPTY_BODY = YES;
				CLANG_WARN_ENUM_CONVERSION = YES;
				CLANG_WARN_INFINITE_RECURSION = YES;
				CLANG_WARN_INT_CONVERSION = YES;
				CLANG_WARN_NON_LITERAL_NULL_CONVERSION = YES;
				CLANG_WARN_OBJC_IMPLICIT_RETAIN_SELF = YES;
				CLANG_WARN_OBJC_LITERAL_CONVERSION = YES;
				CLANG_WARN_OBJC_ROOT_CLASS = YES_ERROR;
				CLANG_WARN_RANGE_LOOP_ANALYSIS = YES;
				CLANG_WARN_STRICT_PROTOTYPES = YES;
				CLANG_WARN_SUSPICIOUS_MOVE = YES;
				CLANG_WARN_UNGUARDED_AVAILABILITY = YES_AGGRESSIVE;
				CLANG_WARN_UNREACHABLE_CODE = YES;
				CLANG_WARN__DUPLICATE_METHOD_MATCH = YES;
				COPY_PHASE_STRIP = NO;
				DEBUG_INFORMATION_FORMAT = dwarf;
				ENABLE_STRICT_OBJC_MSGSEND = YES;
				ENABLE_TESTABILITY = YES;
				GCC_C_LANGUAGE_STANDARD = gnu11;
				GCC_DYNAMIC_NO_PIC = NO;
				GCC_NO_COMMON_BLOCKS = YES;
				GCC_OPTIMIZATION_LEVEL = 0;
				GCC_PREPROCESSOR_DEFINITIONS = (
					"DEBUG=1",
					"$(inherited)",
				);
				GCC_WARN_64_TO_32_BIT_CONVERSION = YES;
				GCC_WARN_ABOUT_RETURN_TYPE = YES_ERROR;
				GCC_WARN_UNDECLARED_SELECTOR = YES;
				GCC_WARN_UNINITIALIZED_AUTOS = YES_AGGRESSIVE;
				GCC_WARN_UNUSED_FUNCTION = YES;
				GCC_WARN_UNUSED_VARIABLE = YES;
				IPHONEOS_DEPLOYMENT_TARGET = 13.4;
				MTL_ENABLE_DEBUG_INFO = INCLUDE_SOURCE;
				MTL_FAST_MATH = YES;
				ONLY_ACTIVE_ARCH = YES;
				SDKROOT = iphoneos;
				SWIFT_ACTIVE_COMPILATION_CONDITIONS = DEBUG;
				SWIFT_OPTIMIZATION_LEVEL = "-Onone";
			};
			name = Debug;
		};
		6AC4CFF925DE52970022310B /* Release */ = {
			isa = XCBuildConfiguration;
			buildSettings = {
				ALWAYS_SEARCH_USER_PATHS = NO;
				CLANG_ANALYZER_NONNULL = YES;
				CLANG_ANALYZER_NUMBER_OBJECT_CONVERSION = YES_AGGRESSIVE;
				CLANG_CXX_LANGUAGE_STANDARD = "gnu++14";
				CLANG_CXX_LIBRARY = "libc++";
				CLANG_ENABLE_MODULES = YES;
				CLANG_ENABLE_OBJC_ARC = YES;
				CLANG_ENABLE_OBJC_WEAK = YES;
				CLANG_WARN_BLOCK_CAPTURE_AUTORELEASING = YES;
				CLANG_WARN_BOOL_CONVERSION = YES;
				CLANG_WARN_COMMA = YES;
				CLANG_WARN_CONSTANT_CONVERSION = YES;
				CLANG_WARN_DEPRECATED_OBJC_IMPLEMENTATIONS = YES;
				CLANG_WARN_DIRECT_OBJC_ISA_USAGE = YES_ERROR;
				CLANG_WARN_DOCUMENTATION_COMMENTS = YES;
				CLANG_WARN_EMPTY_BODY = YES;
				CLANG_WARN_ENUM_CONVERSION = YES;
				CLANG_WARN_INFINITE_RECURSION = YES;
				CLANG_WARN_INT_CONVERSION = YES;
				CLANG_WARN_NON_LITERAL_NULL_CONVERSION = YES;
				CLANG_WARN_OBJC_IMPLICIT_RETAIN_SELF = YES;
				CLANG_WARN_OBJC_LITERAL_CONVERSION = YES;
				CLANG_WARN_OBJC_ROOT_CLASS = YES_ERROR;
				CLANG_WARN_RANGE_LOOP_ANALYSIS = YES;
				CLANG_WARN_STRICT_PROTOTYPES = YES;
				CLANG_WARN_SUSPICIOUS_MOVE = YES;
				CLANG_WARN_UNGUARDED_AVAILABILITY = YES_AGGRESSIVE;
				CLANG_WARN_UNREACHABLE_CODE = YES;
				CLANG_WARN__DUPLICATE_METHOD_MATCH = YES;
				COPY_PHASE_STRIP = NO;
				DEBUG_INFORMATION_FORMAT = "dwarf-with-dsym";
				ENABLE_NS_ASSERTIONS = NO;
				ENABLE_STRICT_OBJC_MSGSEND = YES;
				GCC_C_LANGUAGE_STANDARD = gnu11;
				GCC_NO_COMMON_BLOCKS = YES;
				GCC_WARN_64_TO_32_BIT_CONVERSION = YES;
				GCC_WARN_ABOUT_RETURN_TYPE = YES_ERROR;
				GCC_WARN_UNDECLARED_SELECTOR = YES;
				GCC_WARN_UNINITIALIZED_AUTOS = YES_AGGRESSIVE;
				GCC_WARN_UNUSED_FUNCTION = YES;
				GCC_WARN_UNUSED_VARIABLE = YES;
				IPHONEOS_DEPLOYMENT_TARGET = 13.4;
				MTL_ENABLE_DEBUG_INFO = NO;
				MTL_FAST_MATH = YES;
				SDKROOT = iphoneos;
				SWIFT_COMPILATION_MODE = wholemodule;
				SWIFT_OPTIMIZATION_LEVEL = "-O";
				VALIDATE_PRODUCT = YES;
			};
			name = Release;
		};
		6AC4CFFB25DE52970022310B /* Debug */ = {
			isa = XCBuildConfiguration;
			buildSettings = {
				ASSETCATALOG_COMPILER_APPICON_NAME = AppIcon;
				CODE_SIGN_STYLE = Automatic;
				DEVELOPMENT_TEAM = HB7U37F739;
				INFOPLIST_FILE = Way2SmsSystemTask/Info.plist;
				LD_RUNPATH_SEARCH_PATHS = (
					"$(inherited)",
					"@executable_path/Frameworks",
				);
				PRODUCT_BUNDLE_IDENTIFIER = com.motivate.fit.Way2SmsSystemTask;
				PRODUCT_NAME = "$(TARGET_NAME)";
				SWIFT_VERSION = 5.0;
				TARGETED_DEVICE_FAMILY = "1,2";
			};
			name = Debug;
		};
		6AC4CFFC25DE52970022310B /* Release */ = {
			isa = XCBuildConfiguration;
			buildSettings = {
				ASSETCATALOG_COMPILER_APPICON_NAME = AppIcon;
				CODE_SIGN_STYLE = Automatic;
				DEVELOPMENT_TEAM = HB7U37F739;
				INFOPLIST_FILE = Way2SmsSystemTask/Info.plist;
				LD_RUNPATH_SEARCH_PATHS = (
					"$(inherited)",
					"@executable_path/Frameworks",
				);
				PRODUCT_BUNDLE_IDENTIFIER = com.motivate.fit.Way2SmsSystemTask;
				PRODUCT_NAME = "$(TARGET_NAME)";
				SWIFT_VERSION = 5.0;
				TARGETED_DEVICE_FAMILY = "1,2";
			};
			name = Release;
		};
/* End XCBuildConfiguration section */

/* Begin XCConfigurationList section */
		6AC4CFE125DE52950022310B /* Build configuration list for PBXProject "Way2SmsSystemTask" */ = {
			isa = XCConfigurationList;
			buildConfigurations = (
				6AC4CFF825DE52970022310B /* Debug */,
				6AC4CFF925DE52970022310B /* Release */,
			);
			defaultConfigurationIsVisible = 0;
			defaultConfigurationName = Release;
		};
		6AC4CFFA25DE52970022310B /* Build configuration list for PBXNativeTarget "Way2SmsSystemTask" */ = {
			isa = XCConfigurationList;
			buildConfigurations = (
				6AC4CFFB25DE52970022310B /* Debug */,
				6AC4CFFC25DE52970022310B /* Release */,
			);
			defaultConfigurationIsVisible = 0;
			defaultConfigurationName = Release;
		};
/* End XCConfigurationList section */
	};
	rootObject = 6AC4CFDE25DE52950022310B /* Project object */;
}
